
Microsoft Visual Studio Solution File, Format Version 12.00
# Visual Studio 15
VisualStudioVersion = 15.0.27703.2047
MinimumVisualStudioVersion = 10.0.40219.1
Project("{9A19103F-16F7-4668-BE54-9A1E7A4F7556}") = "Drm.WebApi", "Source\WebApi\Drm.WebApi.csproj", "{1C56B6A7-6373-472E-AB61-2A1FC107D31A}"
EndProject
Project("{9A19103F-16F7-4668-BE54-9A1E7A4F7556}") = "Drm.Repository", "Repository\Drm.Repository.csproj", "{CD50AF0D-8BD2-45E7-8A21-26BB9BBFC7A2}"
EndProject
Global
	GlobalSection(SolutionConfigurationPlatforms) = preSolution
		Debug|Any CPU = Debug|Any CPU
		Release|Any CPU = Release|Any CPU
	EndGlobalSection
	GlobalSection(ProjectConfigurationPlatforms) = postSolution
		{1C56B6A7-6373-472E-AB61-2A1FC107D31A}.Debug|Any CPU.ActiveCfg = Debug|Any CPU
		{1C56B6A7-6373-472E-AB61-2A1FC107D31A}.Debug|Any CPU.Build.0 = Debug|Any CPU
		{1C56B6A7-6373-472E-AB61-2A1FC107D31A}.Release|Any CPU.ActiveCfg = Release|Any CPU
		{1C56B6A7-6373-472E-AB61-2A1FC107D31A}.Release|Any CPU.Build.0 = Release|Any CPU
		{CD50AF0D-8BD2-45E7-8A21-26BB9BBFC7A2}.Debug|Any CPU.ActiveCfg = Debug|Any CPU
		{CD50AF0D-8BD2-45E7-8A21-26BB9BBFC7A2}.Debug|Any CPU.Build.0 = Debug|Any CPU
		{CD50AF0D-8BD2-45E7-8A21-26BB9BBFC7A2}.Release|Any CPU.ActiveCfg = Release|Any CPU
		{CD50AF0D-8BD2-45E7-8A21-26BB9BBFC7A2}.Release|Any CPU.Build.0 = Release|Any CPU
	EndGlobalSection
	GlobalSection(SolutionProperties) = preSolution
		HideSolutionNode = FALSE
	EndGlobalSection
	GlobalSection(ExtensibilityGlobals) = postSolution
		SolutionGuid = {EB631818-0F2E-4314-9031-0AE47E66F3FB}
	EndGlobalSection
EndGlobal
